
Microsoft Visual Studio Solution File, Format Version 12.00
# Visual Studio Version 17
VisualStudioVersion = 17.2.32526.322
MinimumVisualStudioVersion = 10.0.40219.1
Project("{FAE04EC0-301F-11D3-BF4B-00C04F79EFBC}") = "DeviceRepairCRM", "DeviceRepairCRM\DeviceRepairCRM.csproj", "{C05E47BC-6332-48CF-828B-ACA6E0C1B10B}"
EndProject
Global
	GlobalSection(SolutionConfigurationPlatforms) = preSolution
		Debug|Any CPU = Debug|Any CPU
		Release|Any CPU = Release|Any CPU
	EndGlobalSection
	GlobalSection(ProjectConfigurationPlatforms) = postSolution
		{C05E47BC-6332-48CF-828B-ACA6E0C1B10B}.Debug|Any CPU.ActiveCfg = Debug|Any CPU
		{C05E47BC-6332-48CF-828B-ACA6E0C1B10B}.Debug|Any CPU.Build.0 = Debug|Any CPU
		{C05E47BC-6332-48CF-828B-ACA6E0C1B10B}.Release|Any CPU.ActiveCfg = Release|Any CPU
		{C05E47BC-6332-48CF-828B-ACA6E0C1B10B}.Release|Any CPU.Build.0 = Release|Any CPU
	EndGlobalSection
	GlobalSection(SolutionProperties) = preSolution
		HideSolutionNode = FALSE
	EndGlobalSection
	GlobalSection(ExtensibilityGlobals) = postSolution
		SolutionGuid = {A7F8B33B-92DF-48F3-87F2-A1DF467076DD}
	EndGlobalSection
EndGlobal
